Microsoft Visual Studio Solution File, Format Version 12.00
# Visual Studio Version 17
VisualStudioVersion = 17.5.2.0
MinimumVisualStudioVersion = 10.0.40219.1
Project("{FAE04EC0-301F-11D3-BF4B-00C04F79EFBC}") = "PikaNoteAPI", "PikaNoteAPI.csproj", "{B0D6802C-7B76-6B7D-6547-672F638CA77C}"
EndProject
Global
	GlobalSection(SolutionConfigurationPlatforms) = preSolution
		Debug|Any CPU = Debug|Any CPU
		Release|Any CPU = Release|Any CPU
	EndGlobalSection
	GlobalSection(ProjectConfigurationPlatforms) = postSolution
		{B0D6802C-7B76-6B7D-6547-672F638CA77C}.Debug|Any CPU.ActiveCfg = Debug|Any CPU
		{B0D6802C-7B76-6B7D-6547-672F638CA77C}.Debug|Any CPU.Build.0 = Debug|Any CPU
		{B0D6802C-7B76-6B7D-6547-672F638CA77C}.Release|Any CPU.ActiveCfg = Release|Any CPU
		{B0D6802C-7B76-6B7D-6547-672F638CA77C}.Release|Any CPU.Build.0 = Release|Any CPU
	EndGlobalSection
	GlobalSection(SolutionProperties) = preSolution
		HideSolutionNode = FALSE
	EndGlobalSection
	GlobalSection(ExtensibilityGlobals) = postSolution
		SolutionGuid = {192AA6C5-B30A-4A40-A105-A07562EAAF1B}
	EndGlobalSection
EndGlobal
